# This file is automatically @generated by Cargo.
# It is not intended for manual editing.
version = 4

[[package]]
name = "hq-application"
version = "0.1.0"
dependencies = [
 "hq-domain",
 "hq-reducer",
]

[[package]]
name = "hq-codex"
version = "0.1.0"
dependencies = [
 "hq-harness",
]

[[package]]
name = "hq-domain"
version = "0.1.0"

[[package]]
name = "hq-harness"
version = "0.1.0"

[[package]]
name = "hq-local-api"
version = "0.1.0"

[[package]]
name = "hq-node"
version = "0.1.0"
dependencies = [
 "hq-application",
 "hq-protocol",
 "hq-reducer",
]

[[package]]
name = "hq-protocol"
version = "0.1.0"
dependencies = [
 "hq-domain",
]

[[package]]
name = "hq-reducer"
version = "0.1.0"
dependencies = [
 "hq-domain",
]

[[package]]
name = "hq-relay"
version = "0.1.0"

[[package]]
name = "hq-store"
version = "0.1.0"

[[package]]
name = "hq-testkit"
version = "0.1.0"

[[package]]
name = "hq-tui"
version = "0.1.0"
